
Microsoft Visual Studio Solution File, Format Version 12.00
# Visual Studio Version 16
VisualStudioVersion = 16.0.30413.136
MinimumVisualStudioVersion = 10.0.40219.1
Project("{FAE04EC0-301F-11D3-BF4B-00C04F79EFBC}") = "BertoniSolutions", "BertoniSolutions\BertoniSolutions.csproj", "{6509C88A-3729-4810-A26A-01ADAB397CB6}"
EndProject
Project("{FAE04EC0-301F-11D3-BF4B-00C04F79EFBC}") = "BertoniSolutions.Services", "BertoniSolutions.Services\BertoniSolutions.Services.csproj", "{ACF25147-5247-4140-BBBF-0CD311749514}"
EndProject
Global
	GlobalSection(SolutionConfigurationPlatforms) = preSolution
		Debug|Any CPU = Debug|Any CPU
		Release|Any CPU = Release|Any CPU
	EndGlobalSection
	GlobalSection(ProjectConfigurationPlatforms) = postSolution
		{6509C88A-3729-4810-A26A-01ADAB397CB6}.Debug|Any CPU.ActiveCfg = Debug|Any CPU
		{6509C88A-3729-4810-A26A-01ADAB397CB6}.Debug|Any CPU.Build.0 = Debug|Any CPU
		{6509C88A-3729-4810-A26A-01ADAB397CB6}.Release|Any CPU.ActiveCfg = Release|Any CPU
		{6509C88A-3729-4810-A26A-01ADAB397CB6}.Release|Any CPU.Build.0 = Release|Any CPU
		{ACF25147-5247-4140-BBBF-0CD311749514}.Debug|Any CPU.ActiveCfg = Debug|Any CPU
		{ACF25147-5247-4140-BBBF-0CD311749514}.Debug|Any CPU.Build.0 = Debug|Any CPU
		{ACF25147-5247-4140-BBBF-0CD311749514}.Release|Any CPU.ActiveCfg = Release|Any CPU
		{ACF25147-5247-4140-BBBF-0CD311749514}.Release|Any CPU.Build.0 = Release|Any CPU
	EndGlobalSection
	GlobalSection(SolutionProperties) = preSolution
		HideSolutionNode = FALSE
	EndGlobalSection
	GlobalSection(ExtensibilityGlobals) = postSolution
		SolutionGuid = {A75495F9-C5C6-41F4-A42D-85270A0E3341}
	EndGlobalSection
EndGlobal
